
Microsoft Visual Studio Solution File, Format Version 12.00
# Visual Studio 15
VisualStudioVersion = 15.0.28010.2046
MinimumVisualStudioVersion = 10.0.40219.1
Project("{FAE04EC0-301F-11D3-BF4B-00C04F79EFBC}") = "TestInJenkins", "TestInJenkins\TestInJenkins.csproj", "{27A3FE2C-A5B3-4B54-AB57-4CA204D654EE}"
EndProject
Global
	GlobalSection(SolutionConfigurationPlatforms) = preSolution
		Debug|Any CPU = Debug|Any CPU
		Release|Any CPU = Release|Any CPU
	EndGlobalSection
	GlobalSection(ProjectConfigurationPlatforms) = postSolution
		{27A3FE2C-A5B3-4B54-AB57-4CA204D654EE}.Debug|Any CPU.ActiveCfg = Debug|Any CPU
		{27A3FE2C-A5B3-4B54-AB57-4CA204D654EE}.Debug|Any CPU.Build.0 = Debug|Any CPU
		{27A3FE2C-A5B3-4B54-AB57-4CA204D654EE}.Release|Any CPU.ActiveCfg = Release|Any CPU
		{27A3FE2C-A5B3-4B54-AB57-4CA204D654EE}.Release|Any CPU.Build.0 = Release|Any CPU
	EndGlobalSection
	GlobalSection(SolutionProperties) = preSolution
		HideSolutionNode = FALSE
	EndGlobalSection
	GlobalSection(ExtensibilityGlobals) = postSolution
		SolutionGuid = {5DC69E77-897F-48EE-B9B1-AD7621521BB6}
	EndGlobalSection
EndGlobal
